
Microsoft Visual Studio Solution File, Format Version 12.00
# Visual Studio Version 17
VisualStudioVersion = 17.4.33403.182
MinimumVisualStudioVersion = 10.0.40219.1
Project("{2150E333-8FDC-42A3-9474-1A3956D46DE8}") = "eShopApp.Identity", "eShopApp.Identity", "{44FDB970-3F63-4648-9BA4-16294AB72591}"
EndProject
Project("{2150E333-8FDC-42A3-9474-1A3956D46DE8}") = "eShopApp.Catalog", "eShopApp.Catalog", "{BEF052BC-4D68-4669-AB75-8F836354426D}"
EndProject
Project("{2150E333-8FDC-42A3-9474-1A3956D46DE8}") = "eShopApp.Basket", "eShopApp.Basket", "{1073A054-359A-4D7A-BDA4-9C8C42FE034D}"
EndProject
Project("{2150E333-8FDC-42A3-9474-1A3956D46DE8}") = "eShopApp.Payment", "eShopApp.Payment", "{098E632B-14CF-4031-B1C0-C1C69414EE72}"
EndProject
Project("{9A19103F-16F7-4668-BE54-9A1E7A4F7556}") = "eShopApp.PaymentAPI", "eShopApp.Payment\eShopApp.PaymentAPI\eShopApp.PaymentAPI.csproj", "{028C5592-E129-4DDA-8EA4-1894C8D5F470}"
EndProject
Project("{9A19103F-16F7-4668-BE54-9A1E7A4F7556}") = "eShopApp.IdentityServer", "eShopApp.Identity\eShopApp.IdentityServer\eShopApp.IdentityServer.csproj", "{B7A5A146-FEBF-4A7F-98D8-F68D44408073}"
EndProject
Project("{2150E333-8FDC-42A3-9474-1A3956D46DE8}") = "src", "src", "{DEDB4E5C-8AA9-433E-B36D-25D6E8097072}"
EndProject
Project("{9A19103F-16F7-4668-BE54-9A1E7A4F7556}") = "eShopApp.Catalog.API", "eShopApp.Catalog\eShopApp.Catalog.API\eShopApp.Catalog.API.csproj", "{20A71B72-F2BB-4F5B-9770-E9924EFB255F}"
EndProject
Project("{9A19103F-16F7-4668-BE54-9A1E7A4F7556}") = "eShopApp.Shared", "eShopApp.Shared\eShopApp.Shared\eShopApp.Shared.csproj", "{F735BC80-4054-4517-AD7C-D9B59BE0D6B6}"
EndProject
Project("{9A19103F-16F7-4668-BE54-9A1E7A4F7556}") = "eShopApp.Catalog.Domain", "eShopApp.Catalog\eShopApp.Catalog.Domain\eShopApp.Catalog.Domain.csproj", "{07409C01-57F5-4F40-85B7-1058AF323B87}"
EndProject
Project("{9A19103F-16F7-4668-BE54-9A1E7A4F7556}") = "eShopApp.Catalog.Infrastructure", "eShopApp.Catalog\eShopApp.Catalog.Infrastructure\eShopApp.Catalog.Infrastructure.csproj", "{28892C4A-B905-4B6F-97C9-72287FBE342C}"
EndProject
Project("{9A19103F-16F7-4668-BE54-9A1E7A4F7556}") = "eShopApp.Basket.API", "eShopApp.Basket\eShopApp.Basket.API\eShopApp.Basket.API.csproj", "{44DF0E5F-0689-47E0-B920-B61D749B5651}"
EndProject
Project("{9A19103F-16F7-4668-BE54-9A1E7A4F7556}") = "eShopApp.Catalog.Contract", "eShopApp.Catalog\eShopApp.Catalog.Contract\eShopApp.Catalog.Contract.csproj", "{CD0AAB5F-65FD-4E13-ABB3-146DEA3A8AAD}"
EndProject
Project("{9A19103F-16F7-4668-BE54-9A1E7A4F7556}") = "eShopApp.Basket.Domain", "eShopApp.Basket\eShopApp.Basket.Domain\eShopApp.Basket.Domain.csproj", "{FD0E4B5A-A22F-49ED-AB05-3214DE1A04EE}"
EndProject
Project("{9A19103F-16F7-4668-BE54-9A1E7A4F7556}") = "eShopApp.Basket.Infrastructure", "eShopApp.Basket\eShopApp.Basket.Infrastructure\eShopApp.Basket.Infrastructure.csproj", "{65E17F8A-4FA3-40CE-8744-77D792CA5058}"
EndProject
Project("{9A19103F-16F7-4668-BE54-9A1E7A4F7556}") = "eShopApp.Basket.Contract", "eShopApp.Basket\eShopApp.Basket.Contract\eShopApp.Basket.Contract.csproj", "{0CF5302E-6A8E-481F-95F8-21A987773994}"
EndProject
Project("{9A19103F-16F7-4668-BE54-9A1E7A4F7556}") = "eShopApp.Basket.Application", "eShopApp.Basket\eShopApp.Basket.Application\eShopApp.Basket.Application.csproj", "{C6BA4615-44E5-4C26-92E2-5B25B985BE25}"
EndProject
Project("{9A19103F-16F7-4668-BE54-9A1E7A4F7556}") = "eShopApp.MessageBroker", "eShopApp.Shared\eShopApp.MessageBroker\eShopApp.MessageBroker.csproj", "{043C42B1-E343-4EA2-93E2-A6131B68E0D5}"
EndProject
Project("{9A19103F-16F7-4668-BE54-9A1E7A4F7556}") = "eShopApp.Catalog.Application", "eShopApp.Catalog\eShopApp.Catalog.Application\eShopApp.Catalog.Application.csproj", "{C9643E02-526A-455D-B380-DD651ED244DD}"
EndProject
Global
	GlobalSection(SolutionConfigurationPlatforms) = preSolution
		Debug|Any CPU = Debug|Any CPU
		Release|Any CPU = Release|Any CPU
	EndGlobalSection
	GlobalSection(ProjectConfigurationPlatforms) = postSolution
		{028C5592-E129-4DDA-8EA4-1894C8D5F470}.Debug|Any CPU.ActiveCfg = Debug|Any CPU
		{028C5592-E129-4DDA-8EA4-1894C8D5F470}.Debug|Any CPU.Build.0 = Debug|Any CPU
		{028C5592-E129-4DDA-8EA4-1894C8D5F470}.Release|Any CPU.ActiveCfg = Release|Any CPU
		{028C5592-E129-4DDA-8EA4-1894C8D5F470}.Release|Any CPU.Build.0 = Release|Any CPU
		{B7A5A146-FEBF-4A7F-98D8-F68D44408073}.Debug|Any CPU.ActiveCfg = Debug|Any CPU
		{B7A5A146-FEBF-4A7F-98D8-F68D44408073}.Debug|Any CPU.Build.0 = Debug|Any CPU
		{B7A5A146-FEBF-4A7F-98D8-F68D44408073}.Release|Any CPU.ActiveCfg = Release|Any CPU
		{B7A5A146-FEBF-4A7F-98D8-F68D44408073}.Release|Any CPU.Build.0 = Release|Any CPU
		{20A71B72-F2BB-4F5B-9770-E9924EFB255F}.Debug|Any CPU.ActiveCfg = Debug|Any CPU
		{20A71B72-F2BB-4F5B-9770-E9924EFB255F}.Debug|Any CPU.Build.0 = Debug|Any CPU
		{20A71B72-F2BB-4F5B-9770-E9924EFB255F}.Release|Any CPU.ActiveCfg = Release|Any CPU
		{20A71B72-F2BB-4F5B-9770-E9924EFB255F}.Release|Any CPU.Build.0 = Release|Any CPU
		{F735BC80-4054-4517-AD7C-D9B59BE0D6B6}.Debug|Any CPU.ActiveCfg = Debug|Any CPU
		{F735BC80-4054-4517-AD7C-D9B59BE0D6B6}.Debug|Any CPU.Build.0 = Debug|Any CPU
		{F735BC80-4054-4517-AD7C-D9B59BE0D6B6}.Release|Any CPU.ActiveCfg = Release|Any CPU
		{F735BC80-4054-4517-AD7C-D9B59BE0D6B6}.Release|Any CPU.Build.0 = Release|Any CPU
		{07409C01-57F5-4F40-85B7-1058AF323B87}.Debug|Any CPU.ActiveCfg = Debug|Any CPU
		{07409C01-57F5-4F40-85B7-1058AF323B87}.Debug|Any CPU.Build.0 = Debug|Any CPU
		{07409C01-57F5-4F40-85B7-1058AF323B87}.Release|Any CPU.ActiveCfg = Release|Any CPU
		{07409C01-57F5-4F40-85B7-1058AF323B87}.Release|Any CPU.Build.0 = Release|Any CPU
		{28892C4A-B905-4B6F-97C9-72287FBE342C}.Debug|Any CPU.ActiveCfg = Debug|Any CPU
		{28892C4A-B905-4B6F-97C9-72287FBE342C}.Debug|Any CPU.Build.0 = Debug|Any CPU
		{28892C4A-B905-4B6F-97C9-72287FBE342C}.Release|Any CPU.ActiveCfg = Release|Any CPU
		{28892C4A-B905-4B6F-97C9-72287FBE342C}.Release|Any CPU.Build.0 = Release|Any CPU
		{44DF0E5F-0689-47E0-B920-B61D749B5651}.Debug|Any CPU.ActiveCfg = Debug|Any CPU
		{44DF0E5F-0689-47E0-B920-B61D749B5651}.Debug|Any CPU.Build.0 = Debug|Any CPU
		{44DF0E5F-0689-47E0-B920-B61D749B5651}.Release|Any CPU.ActiveCfg = Release|Any CPU
		{44DF0E5F-0689-47E0-B920-B61D749B5651}.Release|Any CPU.Build.0 = Release|Any CPU
		{CD0AAB5F-65FD-4E13-ABB3-146DEA3A8AAD}.Debug|Any CPU.ActiveCfg = Debug|Any CPU
		{CD0AAB5F-65FD-4E13-ABB3-146DEA3A8AAD}.Debug|Any CPU.Build.0 = Debug|Any CPU
		{CD0AAB5F-65FD-4E13-ABB3-146DEA3A8AAD}.Release|Any CPU.ActiveCfg = Release|Any CPU
		{CD0AAB5F-65FD-4E13-ABB3-146DEA3A8AAD}.Release|Any CPU.Build.0 = Release|Any CPU
		{FD0E4B5A-A22F-49ED-AB05-3214DE1A04EE}.Debug|Any CPU.ActiveCfg = Debug|Any CPU
		{FD0E4B5A-A22F-49ED-AB05-3214DE1A04EE}.Debug|Any CPU.Build.0 = Debug|Any CPU
		{FD0E4B5A-A22F-49ED-AB05-3214DE1A04EE}.Release|Any CPU.ActiveCfg = Release|Any CPU
		{FD0E4B5A-A22F-49ED-AB05-3214DE1A04EE}.Release|Any CPU.Build.0 = Release|Any CPU
		{65E17F8A-4FA3-40CE-8744-77D792CA5058}.Debug|Any CPU.ActiveCfg = Debug|Any CPU
		{65E17F8A-4FA3-40CE-8744-77D792CA5058}.Debug|Any CPU.Build.0 = Debug|Any CPU
		{65E17F8A-4FA3-40CE-8744-77D792CA5058}.Release|Any CPU.ActiveCfg = Release|Any CPU
		{65E17F8A-4FA3-40CE-8744-77D792CA5058}.Release|Any CPU.Build.0 = Release|Any CPU
		{0CF5302E-6A8E-481F-95F8-21A987773994}.Debug|Any CPU.ActiveCfg = Debug|Any CPU
		{0CF5302E-6A8E-481F-95F8-21A987773994}.Debug|Any CPU.Build.0 = Debug|Any CPU
		{0CF5302E-6A8E-481F-95F8-21A987773994}.Release|Any CPU.ActiveCfg = Release|Any CPU
		{0CF5302E-6A8E-481F-95F8-21A987773994}.Release|Any CPU.Build.0 = Release|Any CPU
		{C6BA4615-44E5-4C26-92E2-5B25B985BE25}.Debug|Any CPU.ActiveCfg = Debug|Any CPU
		{C6BA4615-44E5-4C26-92E2-5B25B985BE25}.Debug|Any CPU.Build.0 = Debug|Any CPU
		{C6BA4615-44E5-4C26-92E2-5B25B985BE25}.Release|Any CPU.ActiveCfg = Release|Any CPU
		{C6BA4615-44E5-4C26-92E2-5B25B985BE25}.Release|Any CPU.Build.0 = Release|Any CPU
		{043C42B1-E343-4EA2-93E2-A6131B68E0D5}.Debug|Any CPU.ActiveCfg = Debug|Any CPU
		{043C42B1-E343-4EA2-93E2-A6131B68E0D5}.Debug|Any CPU.Build.0 = Debug|Any CPU
		{043C42B1-E343-4EA2-93E2-A6131B68E0D5}.Release|Any CPU.ActiveCfg = Release|Any CPU
		{043C42B1-E343-4EA2-93E2-A6131B68E0D5}.Release|Any CPU.Build.0 = Release|Any CPU
		{C9643E02-526A-455D-B380-DD651ED244DD}.Debug|Any CPU.ActiveCfg = Debug|Any CPU
		{C9643E02-526A-455D-B380-DD651ED244DD}.Debug|Any CPU.Build.0 = Debug|Any CPU
		{C9643E02-526A-455D-B380-DD651ED244DD}.Release|Any CPU.ActiveCfg = Release|Any CPU
		{C9643E02-526A-455D-B380-DD651ED244DD}.Release|Any CPU.Build.0 = Release|Any CPU
	EndGlobalSection
	GlobalSection(SolutionProperties) = preSolution
		HideSolutionNode = FALSE
	EndGlobalSection
	GlobalSection(NestedProjects) = preSolution
		{44FDB970-3F63-4648-9BA4-16294AB72591} = {DEDB4E5C-8AA9-433E-B36D-25D6E8097072}
		{BEF052BC-4D68-4669-AB75-8F836354426D} = {DEDB4E5C-8AA9-433E-B36D-25D6E8097072}
		{1073A054-359A-4D7A-BDA4-9C8C42FE034D} = {DEDB4E5C-8AA9-433E-B36D-25D6E8097072}
		{098E632B-14CF-4031-B1C0-C1C69414EE72} = {DEDB4E5C-8AA9-433E-B36D-25D6E8097072}
		{028C5592-E129-4DDA-8EA4-1894C8D5F470} = {098E632B-14CF-4031-B1C0-C1C69414EE72}
		{B7A5A146-FEBF-4A7F-98D8-F68D44408073} = {44FDB970-3F63-4648-9BA4-16294AB72591}
		{20A71B72-F2BB-4F5B-9770-E9924EFB255F} = {BEF052BC-4D68-4669-AB75-8F836354426D}
		{F735BC80-4054-4517-AD7C-D9B59BE0D6B6} = {DEDB4E5C-8AA9-433E-B36D-25D6E8097072}
		{07409C01-57F5-4F40-85B7-1058AF323B87} = {BEF052BC-4D68-4669-AB75-8F836354426D}
		{28892C4A-B905-4B6F-97C9-72287FBE342C} = {BEF052BC-4D68-4669-AB75-8F836354426D}
		{44DF0E5F-0689-47E0-B920-B61D749B5651} = {1073A054-359A-4D7A-BDA4-9C8C42FE034D}
		{CD0AAB5F-65FD-4E13-ABB3-146DEA3A8AAD} = {BEF052BC-4D68-4669-AB75-8F836354426D}
		{FD0E4B5A-A22F-49ED-AB05-3214DE1A04EE} = {1073A054-359A-4D7A-BDA4-9C8C42FE034D}
		{65E17F8A-4FA3-40CE-8744-77D792CA5058} = {1073A054-359A-4D7A-BDA4-9C8C42FE034D}
		{0CF5302E-6A8E-481F-95F8-21A987773994} = {1073A054-359A-4D7A-BDA4-9C8C42FE034D}
		{C6BA4615-44E5-4C26-92E2-5B25B985BE25} = {1073A054-359A-4D7A-BDA4-9C8C42FE034D}
		{043C42B1-E343-4EA2-93E2-A6131B68E0D5} = {DEDB4E5C-8AA9-433E-B36D-25D6E8097072}
		{C9643E02-526A-455D-B380-DD651ED244DD} = {BEF052BC-4D68-4669-AB75-8F836354426D}
	EndGlobalSection
	GlobalSection(ExtensibilityGlobals) = postSolution
		SolutionGuid = {2BECD4E6-C7F1-4A81-8AA7-E9BD092C6F34}
	EndGlobalSection
EndGlobal
